
Microsoft Visual Studio Solution File, Format Version 12.00
# Visual Studio 15
VisualStudioVersion = 15.0.28307.168
MinimumVisualStudioVersion = 10.0.40219.1
Project("{FAE04EC0-301F-11D3-BF4B-00C04F79EFBC}") = "Driver", "Driver\Driver.csproj", "{A4490769-CF5F-4C80-A848-9E1F6D4AD0CB}"
EndProject
Project("{9A19103F-16F7-4668-BE54-9A1E7A4F7556}") = "Arrays", "Arrays\Arrays.csproj", "{60151902-DDF8-4AB9-9FA9-8C3E57F559D4}"
EndProject
Project("{9A19103F-16F7-4668-BE54-9A1E7A4F7556}") = "LeetCode", "LeetCode\LeetCode.csproj", "{784AC375-B156-4CF0-A3F6-D0E64D90BE34}"
EndProject
Project("{9A19103F-16F7-4668-BE54-9A1E7A4F7556}") = "Utils", "Utils\Utils.csproj", "{E46E8D4F-5AF8-4BF0-B4DC-F32B7631855B}"
EndProject
Project("{9A19103F-16F7-4668-BE54-9A1E7A4F7556}") = "Misc", "Misc\Misc.csproj", "{44E4E55F-E51E-4A54-BA42-2C056322C8B9}"
EndProject
Project("{FAE04EC0-301F-11D3-BF4B-00C04F79EFBC}") = "Uber", "Uber\Uber.csproj", "{8E1E7D7B-F8C7-44EA-A96F-5A78986F371E}"
EndProject
Global
	GlobalSection(SolutionConfigurationPlatforms) = preSolution
		Debug|Any CPU = Debug|Any CPU
		Release|Any CPU = Release|Any CPU
	EndGlobalSection
	GlobalSection(ProjectConfigurationPlatforms) = postSolution
		{A4490769-CF5F-4C80-A848-9E1F6D4AD0CB}.Debug|Any CPU.ActiveCfg = Debug|Any CPU
		{A4490769-CF5F-4C80-A848-9E1F6D4AD0CB}.Debug|Any CPU.Build.0 = Debug|Any CPU
		{A4490769-CF5F-4C80-A848-9E1F6D4AD0CB}.Release|Any CPU.ActiveCfg = Release|Any CPU
		{A4490769-CF5F-4C80-A848-9E1F6D4AD0CB}.Release|Any CPU.Build.0 = Release|Any CPU
		{60151902-DDF8-4AB9-9FA9-8C3E57F559D4}.Debug|Any CPU.ActiveCfg = Debug|Any CPU
		{60151902-DDF8-4AB9-9FA9-8C3E57F559D4}.Debug|Any CPU.Build.0 = Debug|Any CPU
		{60151902-DDF8-4AB9-9FA9-8C3E57F559D4}.Release|Any CPU.ActiveCfg = Release|Any CPU
		{60151902-DDF8-4AB9-9FA9-8C3E57F559D4}.Release|Any CPU.Build.0 = Release|Any CPU
		{784AC375-B156-4CF0-A3F6-D0E64D90BE34}.Debug|Any CPU.ActiveCfg = Debug|Any CPU
		{784AC375-B156-4CF0-A3F6-D0E64D90BE34}.Debug|Any CPU.Build.0 = Debug|Any CPU
		{784AC375-B156-4CF0-A3F6-D0E64D90BE34}.Release|Any CPU.ActiveCfg = Release|Any CPU
		{784AC375-B156-4CF0-A3F6-D0E64D90BE34}.Release|Any CPU.Build.0 = Release|Any CPU
		{E46E8D4F-5AF8-4BF0-B4DC-F32B7631855B}.Debug|Any CPU.ActiveCfg = Debug|Any CPU
		{E46E8D4F-5AF8-4BF0-B4DC-F32B7631855B}.Debug|Any CPU.Build.0 = Debug|Any CPU
		{E46E8D4F-5AF8-4BF0-B4DC-F32B7631855B}.Release|Any CPU.ActiveCfg = Release|Any CPU
		{E46E8D4F-5AF8-4BF0-B4DC-F32B7631855B}.Release|Any CPU.Build.0 = Release|Any CPU
		{44E4E55F-E51E-4A54-BA42-2C056322C8B9}.Debug|Any CPU.ActiveCfg = Debug|Any CPU
		{44E4E55F-E51E-4A54-BA42-2C056322C8B9}.Debug|Any CPU.Build.0 = Debug|Any CPU
		{44E4E55F-E51E-4A54-BA42-2C056322C8B9}.Release|Any CPU.ActiveCfg = Release|Any CPU
		{44E4E55F-E51E-4A54-BA42-2C056322C8B9}.Release|Any CPU.Build.0 = Release|Any CPU
		{8E1E7D7B-F8C7-44EA-A96F-5A78986F371E}.Debug|Any CPU.ActiveCfg = Debug|Any CPU
		{8E1E7D7B-F8C7-44EA-A96F-5A78986F371E}.Debug|Any CPU.Build.0 = Debug|Any CPU
		{8E1E7D7B-F8C7-44EA-A96F-5A78986F371E}.Release|Any CPU.ActiveCfg = Release|Any CPU
		{8E1E7D7B-F8C7-44EA-A96F-5A78986F371E}.Release|Any CPU.Build.0 = Release|Any CPU
	EndGlobalSection
	GlobalSection(SolutionProperties) = preSolution
		HideSolutionNode = FALSE
	EndGlobalSection
	GlobalSection(ExtensibilityGlobals) = postSolution
		SolutionGuid = {47DEE0CB-7E34-46EA-85C3-9535EE1B2DDF}
	EndGlobalSection
EndGlobal
